// !$*UTF8*$!
{
	archiveVersion = 1;
	classes = {
	};
	objectVersion = 46;
	objects = {

/* Begin PBXBuildFile section */
		C45E2B6E1B422EE400862132 /* timer.cpp in Sources */ = {isa = PBXBuildFile; fileRef = C45E2B6C1B422EE400862132 /* timer.cpp */; };
		C45FE2A71B348F58006AD6DD /* main.cpp in Sources */ = {isa = PBXBuildFile; fileRef = C45FE2A61B348F58006AD6DD /* main.cpp */; };
		C45FE2B31B34A86C006AD6DD /* jsoncpp.cpp in Sources */ = {isa = PBXBuildFile; fileRef = C45FE2B21B34A86C006AD6DD /* jsoncpp.cpp */; };
/* End PBXBuildFile section */

/* Begin PBXCopyFilesBuildPhase section */
		C45FE2A11B348F58006AD6DD /* CopyFiles */ = {
			isa = PBXCopyFilesBuildPhase;
			buildActionMask = 2147483647;
			dstPath = /usr/share/man/man1/;
			dstSubfolderSpec = 0;
			files = (
			);
			runOnlyForDeploymentPostprocessing = 1;
		};
/* End PBXCopyFilesBuildPhase section */

/* Begin PBXFileReference section */
		C45E2B6C1B422EE400862132 /* timer.cpp */ = {isa = PBXFileReference; fileEncoding = 4; lastKnownFileType = sourcecode.cpp.cpp; path = timer.cpp; sourceTree = "<group>"; };
		C45E2B6D1B422EE400862132 /* timer.hpp */ = {isa = PBXFileReference; fileEncoding = 4; lastKnownFileType = sourcecode.cpp.h; path = timer.hpp; sourceTree = "<group>"; };
		C45FE2A31B348F58006AD6DD /* timetable-generator */ = {isa = PBXFileReference; explicitFileType = "compiled.mach-o.executable"; includeInIndex = 0; path = "timetable-generator"; sourceTree = BUILT_PRODUCTS_DIR; };
		C45FE2A61B348F58006AD6DD /* main.cpp */ = {isa = PBXFileReference; lastKnownFileType = sourcecode.cpp.cpp; path = main.cpp; sourceTree = "<group>"; };
		C45FE2B11B34A218006AD6DD /* dist */ = {isa = PBXFileReference; lastKnownFileType = folder; path = dist; sourceTree = "<group>"; };
		C45FE2B21B34A86C006AD6DD /* jsoncpp.cpp */ = {isa = PBXFileReference; lastKnownFileType = sourcecode.cpp.cpp; name = jsoncpp.cpp; path = "timetable-generator/dist/jsoncpp.cpp"; sourceTree = "<group>"; };
/* End PBXFileReference section */

/* Begin PBXFrameworksBuildPhase section */
		C45FE2A01B348F58006AD6DD /* Frameworks */ = {
			isa = PBXFrameworksBuildPhase;
			buildActionMask = 2147483647;
			files = (
			);
			runOnlyForDeploymentPostprocessing = 0;
		};
/* End PBXFrameworksBuildPhase section */

/* Begin PBXGroup section */
		C45FE29A1B348F58006AD6DD = {
			isa = PBXGroup;
			children = (
				C45FE2B21B34A86C006AD6DD /* jsoncpp.cpp */,
				C45FE2A51B348F58006AD6DD /* timetable-generator */,
				C45FE2A41B348F58006AD6DD /* Products */,
			);
			sourceTree = "<group>";
		};
		C45FE2A41B348F58006AD6DD /* Products */ = {
			isa = PBXGroup;
			children = (
				C45FE2A31B348F58006AD6DD /* timetable-generator */,
			);
			name = Products;
			sourceTree = "<group>";
		};
		C45FE2A51B348F58006AD6DD /* timetable-generator */ = {
			isa = PBXGroup;
			children = (
				C45FE2B11B34A218006AD6DD /* dist */,
				C45FE2A61B348F58006AD6DD /* main.cpp */,
				C45E2B6C1B422EE400862132 /* timer.cpp */,
				C45E2B6D1B422EE400862132 /* timer.hpp */,
			);
			path = "timetable-generator";
			sourceTree = "<group>";
		};
/* End PBXGroup section */

/* Begin PBXNativeTarget section */
		C45FE2A21B348F58006AD6DD /* timetable-generator */ = {
			isa = PBXNativeTarget;
			buildConfigurationList = C45FE2AA1B348F58006AD6DD /* Build configuration list for PBXNativeTarget "timetable-generator" */;
			buildPhases = (
				C45FE29F1B348F58006AD6DD /* Sources */,
				C45FE2A01B348F58006AD6DD /* Frameworks */,
				C45FE2A11B348F58006AD6DD /* CopyFiles */,
			);
			buildRules = (
			);
			dependencies = (
			);
			name = "timetable-generator";
			productName = "timetable-generator";
			productReference = C45FE2A31B348F58006AD6DD /* timetable-generator */;
			productType = "com.apple.product-type.tool";
		};
/* End PBXNativeTarget section */

/* Begin PBXProject section */
		C45FE29B1B348F58006AD6DD /* Project object */ = {
			isa = PBXProject;
			attributes = {
				LastUpgradeCheck = 0700;
				ORGANIZATIONNAME = "Darryl Murray";
				TargetAttributes = {
					C45FE2A21B348F58006AD6DD = {
						CreatedOnToolsVersion = 7.0;
					};
				};
			};
			buildConfigurationList = C45FE29E1B348F58006AD6DD /* Build configuration list for PBXProject "timetable-generator" */;
			compatibilityVersion = "Xcode 3.2";
			developmentRegion = English;
			hasScannedForEncodings = 0;
			knownRegions = (
				en,
			);
			mainGroup = C45FE29A1B348F58006AD6DD;
			productRefGroup = C45FE2A41B348F58006AD6DD /* Products */;
			projectDirPath = "";
			projectRoot = "";
			targets = (
				C45FE2A21B348F58006AD6DD /* timetable-generator */,
			);
		};
/* End PBXProject section */

/* Begin PBXSourcesBuildPhase section */
		C45FE29F1B348F58006AD6DD /* Sources */ = {
			isa = PBXSourcesBuildPhase;
			buildActionMask = 2147483647;
			files = (
				C45FE2A71B348F58006AD6DD /* main.cpp in Sources */,
				C45FE2B31B34A86C006AD6DD /* jsoncpp.cpp in Sources */,
				C45E2B6E1B422EE400862132 /* timer.cpp in Sources */,
			);
			runOnlyForDeploymentPostprocessing = 0;
		};
/* End PBXSourcesBuildPhase section */

/* Begin XCBuildConfiguration section */
		C45FE2A81B348F58006AD6DD /* Debug */ = {
			isa = XCBuildConfiguration;
			buildSettings = {
				ALWAYS_SEARCH_USER_PATHS = NO;
				CLANG_CXX_LANGUAGE_STANDARD = "gnu++0x";
				CLANG_CXX_LIBRARY = "libc++";
				CLANG_ENABLE_MODULES = YES;
				CLANG_ENABLE_OBJC_ARC = YES;
				CLANG_WARN_BOOL_CONVERSION = YES;
				CLANG_WARN_CONSTANT_CONVERSION = YES;
				CLANG_WARN_DIRECT_OBJC_ISA_USAGE = YES_ERROR;
				CLANG_WARN_EMPTY_BODY = YES;
				CLANG_WARN_ENUM_CONVERSION = YES;
				CLANG_WARN_INT_CONVERSION = YES;
				CLANG_WARN_OBJC_ROOT_CLASS = YES_ERROR;
				CLANG_WARN_UNREACHABLE_CODE = YES;
				CLANG_WARN__DUPLICATE_METHOD_MATCH = YES;
				COPY_PHASE_STRIP = NO;
				DEBUG_INFORMATION_FORMAT = dwarf;
				ENABLE_STRICT_OBJC_MSGSEND = YES;
				ENABLE_TESTABILITY = YES;
				GCC_C_LANGUAGE_STANDARD = gnu99;
				GCC_DYNAMIC_NO_PIC = NO;
				GCC_NO_COMMON_BLOCKS = YES;
				GCC_OPTIMIZATION_LEVEL = 0;
				GCC_PREPROCESSOR_DEFINITIONS = (
					"DEBUG=1",
					"$(inherited)",
				);
				GCC_WARN_64_TO_32_BIT_CONVERSION = YES;
				GCC_WARN_ABOUT_RETURN_TYPE = YES_ERROR;
				GCC_WARN_UNDECLARED_SELECTOR = YES;
				GCC_WARN_UNINITIALIZED_AUTOS = YES_AGGRESSIVE;
				GCC_WARN_UNUSED_FUNCTION = YES;
				GCC_WARN_UNUSED_VARIABLE = YES;
				MACOSX_DEPLOYMENT_TARGET = 10.10;
				MTL_ENABLE_DEBUG_INFO = YES;
				ONLY_ACTIVE_ARCH = YES;
				SDKROOT = macosx;
			};
			name = Debug;
		};
		C45FE2A91B348F58006AD6DD /* Release */ = {
			isa = XCBuildConfiguration;
			buildSettings = {
				ALWAYS_SEARCH_USER_PATHS = NO;
				CLANG_CXX_LANGUAGE_STANDARD = "gnu++0x";
				CLANG_CXX_LIBRARY = "libc++";
				CLANG_ENABLE_MODULES = YES;
				CLANG_ENABLE_OBJC_ARC = YES;
				CLANG_WARN_BOOL_CONVERSION = YES;
				CLANG_WARN_CONSTANT_CONVERSION = YES;
				CLANG_WARN_DIRECT_OBJC_ISA_USAGE = YES_ERROR;
				CLANG_WARN_EMPTY_BODY = YES;
				CLANG_WARN_ENUM_CONVERSION = YES;
				CLANG_WARN_INT_CONVERSION = YES;
				CLANG_WARN_OBJC_ROOT_CLASS = YES_ERROR;
				CLANG_WARN_UNREACHABLE_CODE = YES;
				CLANG_WARN__DUPLICATE_METHOD_MATCH = YES;
				COPY_PHASE_STRIP = NO;
				DEBUG_INFORMATION_FORMAT = "dwarf-with-dsym";
				ENABLE_NS_ASSERTIONS = NO;
				ENABLE_STRICT_OBJC_MSGSEND = YES;
				GCC_C_LANGUAGE_STANDARD = gnu99;
				GCC_NO_COMMON_BLOCKS = YES;
				GCC_WARN_64_TO_32_BIT_CONVERSION = YES;
				GCC_WARN_ABOUT_RETURN_TYPE = YES_ERROR;
				GCC_WARN_UNDECLARED_SELECTOR = YES;
				GCC_WARN_UNINITIALIZED_AUTOS = YES_AGGRESSIVE;
				GCC_WARN_UNUSED_FUNCTION = YES;
				GCC_WARN_UNUSED_VARIABLE = YES;
				MACOSX_DEPLOYMENT_TARGET = 10.10;
				MTL_ENABLE_DEBUG_INFO = NO;
				SDKROOT = macosx;
			};
			name = Release;
		};
		C45FE2AB1B348F58006AD6DD /* Debug */ = {
			isa = XCBuildConfiguration;
			buildSettings = {
				PRODUCT_NAME = "$(TARGET_NAME)";
			};
			name = Debug;
		};
		C45FE2AC1B348F58006AD6DD /* Release */ = {
			isa = XCBuildConfiguration;
			buildSettings = {
				PRODUCT_NAME = "$(TARGET_NAME)";
			};
			name = Release;
		};
/* End XCBuildConfiguration section */

/* Begin XCConfigurationList section */
		C45FE29E1B348F58006AD6DD /* Build configuration list for PBXProject "timetable-generator" */ = {
			isa = XCConfigurationList;
			buildConfigurations = (
				C45FE2A81B348F58006AD6DD /* Debug */,
				C45FE2A91B348F58006AD6DD /* Release */,
			);
			defaultConfigurationIsVisible = 0;
			defaultConfigurationName = Release;
		};
		C45FE2AA1B348F58006AD6DD /* Build configuration list for PBXNativeTarget "timetable-generator" */ = {
			isa = XCConfigurationList;
			buildConfigurations = (
				C45FE2AB1B348F58006AD6DD /* Debug */,
				C45FE2AC1B348F58006AD6DD /* Release */,
			);
			defaultConfigurationIsVisible = 0;
			defaultConfigurationName = Release;
		};
/* End XCConfigurationList section */
	};
	rootObject = C45FE29B1B348F58006AD6DD /* Project object */;
}
